{
  "name": "pi-extensions",
  "lockfileVersion": 3,
  "requires": true,
  "packages": {
    "": {
      "name": "pi-extensions",
      "dependencies": {
        "@dreki-gg/pi-context7": "^0.2.0",
        "pi-agent-browser": "^0.1.0"
      }
    },
    "node_modules/@dreki-gg/pi-context7": {
      "version": "0.2.0",
      "resolved": "https://registry.npmjs.org/@dreki-gg/pi-context7/-/pi-context7-0.2.0.tgz",
      "integrity": "sha512-dEw9OfBG8LB8+aTzSaspJqxA7Sk1+F7/ipl/sE0gkFDyhq/l6gRb7KoGPIPvgM4NudMNUbr6c6AO+f6r1G8uiQ==",
      "license": "MIT",
      "peerDependencies": {
        "@earendil-works/pi-coding-agent": "*",
        "typebox": "*"
      },
      "peerDependenciesMeta": {
        "@earendil-works/pi-coding-agent": {
          "optional": true
        },
        "typebox": {
          "optional": true
        }
      }
    },
    "node_modules/pi-agent-browser": {
      "version": "0.1.0",
      "resolved": "https://registry.npmjs.org/pi-agent-browser/-/pi-agent-browser-0.1.0.tgz",
      "integrity": "sha512-35/YcwMk90evyydr1YUUVtK72imgJVkeNUWG1EOOBotFe+Q4UmxvBq/EfJ8UuQD+2dQq4G/5DpOXi9AVt1aAyw==",
      "license": "MIT",
      "engines": {
        "node": ">=20.0.0"
      },
      "peerDependencies": {
        "@mariozechner/pi-coding-agent": "*",
        "@mariozechner/pi-tui": "*",
        "@sinclair/typebox": "*"
      }
    }
  }
}
